<?xml version="1.0" encoding="utf-8"?>
<Project ToolsVersion="4.0" xmlns="http://schemas.microsoft.com/developer/msbuild/2003">
  <ItemGroup>
    <Filter Include="Source Files">
      <UniqueIdentifier>{4FC737F1-C7A5-4376-A066-2A32D752A2FF}</UniqueIdentifier>
      <Extensions>cpp;c;cc;cxx;c++;cppm;ixx;def;odl;idl;hpj;bat;asm;asmx</Extensions>
    </Filter>
    <Filter Include="Header Files">
      <UniqueIdentifier>{93995380-89BD-4b04-88EB-625FBE52EBFB}</UniqueIdentifier>
      <Extensions>h;hh;hpp;hxx;h++;hm;inl;inc;ipp;xsd</Extensions>
    </Filter>
    <Filter Include="Resource Files">
      <UniqueIdentifier>{67DA6AB6-F800-4c08-8B7A-83BB121AAD01}</UniqueIdentifier>
      <Extensions>rc;ico;cur;bmp;dlg;rc2;rct;bin;rgs;gif;jpg;jpeg;jpe;resx;tiff;tif;png;wav;mfcribbon-ms</Extensions>
    </Filter>
    <Filter Include="Source Files\Player">
      <UniqueIdentifier>{57db2e4b-0bc5-487c-9e5d-38a7905c2911}</UniqueIdentifier>
    </Filter>
    <Filter Include="Source Files\Map">
      <UniqueIdentifier>{b7e10fe3-26a6-4542-aca5-c4e0477fd48b}</UniqueIdentifier>
    </Filter>
    <Filter Include="Header Files\Engine">
      <UniqueIdentifier>{54a0b714-b61f-445b-8000-0254ec6e5e0a}</UniqueIdentifier>
    </Filter>
    <Filter Include="Source Files\Engine">
      <UniqueIdentifier>{56eca5cf-cf82-482c-b0d5-aa667bfa8fe9}</UniqueIdentifier>
    </Filter>
    <Filter Include="Header Files\Game">
      <UniqueIdentifier>{81db3366-d665-4559-9b68-fcdeeb14debd}</UniqueIdentifier>
    </Filter>
    <Filter Include="Source Files\Game">
      <UniqueIdentifier>{39b4de6e-e7c3-40ba-baab-76af9631a68d}</UniqueIdentifier>
    </Filter>
    <Filter Include="Header Files\StartMenu">
      <UniqueIdentifier>{e095a98b-720d-4e56-a58b-69f161fa2dbf}</UniqueIdentifier>
    </Filter>
    <Filter Include="Source Files\Misc">
      <UniqueIdentifier>{2aeabbd0-b39a-4bcc-a7e6-4ea42466d767}</UniqueIdentifier>
    </Filter>
    <Filter Include="Header Files\Map">
      <UniqueIdentifier>{d55913df-ddcc-4e3d-8c56-446edc0f8fee}</UniqueIdentifier>
    </Filter>
    <Filter Include="Source Files\Misc\Screen">
      <UniqueIdentifier>{86100f8b-976a-4fa7-a3b4-7d64d6ac2bfd}</UniqueIdentifier>
    </Filter>
    <Filter Include="Header Files\Misc">
      <UniqueIdentifier>{de375a04-190b-4b24-8b0a-11b4f22041bd}</UniqueIdentifier>
    </Filter>
    <Filter Include="Header Files\Misc\Screen">
      <UniqueIdentifier>{c05b1f03-cedd-4724-ad93-c8046f2c02c1}</UniqueIdentifier>
    </Filter>
    <Filter Include="Source Files\StartMenu">
      <UniqueIdentifier>{8914100f-cac1-48cd-84fd-dad3cf3fece0}</UniqueIdentifier>
    </Filter>
    <Filter Include="Header Files\Player">
      <UniqueIdentifier>{b419b2a7-cab3-4c31-938b-e23b88f51ba7}</UniqueIdentifier>
    </Filter>
    <Filter Include="Source Files\Game\Logic">
      <UniqueIdentifier>{da10d00b-cb62-4650-9232-491e9ac7787e}</UniqueIdentifier>
    </Filter>
    <Filter Include="Source Files\Game\PauseMenu">
      <UniqueIdentifier>{07886281-c881-4b97-8bd0-9e687472d114}</UniqueIdentifier>
    </Filter>
    <Filter Include="Header Files\Player\PlayerCustomization">
      <UniqueIdentifier>{6d9254a4-b454-4671-a396-b85abd6771b5}</UniqueIdentifier>
    </Filter>
    <Filter Include="Source Files\Player\PlayerCustomization">
      <UniqueIdentifier>{18ee57b9-ac9c-4b96-9733-9d9b565a325a}</UniqueIdentifier>
    </Filter>
    <Filter Include="Header Files\Game\Interactable">
      <UniqueIdentifier>{f38e5ea2-d92d-463a-9a21-8d3334671753}</UniqueIdentifier>
    </Filter>
    <Filter Include="Header Files\Game\Interactable\Book">
      <UniqueIdentifier>{99a520ee-4dc7-4494-a159-30a453a80784}</UniqueIdentifier>
    </Filter>
    <Filter Include="Source Files\Game\Interactable">
      <UniqueIdentifier>{bea8b2de-7cd3-4ff4-b4d1-a035dfe2c297}</UniqueIdentifier>
    </Filter>
    <Filter Include="Source Files\Game\Interactable\Book">
      <UniqueIdentifier>{3e1d59fb-461c-4a9a-afc5-fc9c1a0df114}</UniqueIdentifier>
    </Filter>
    <Filter Include="Header Files\Game\Interactable\Door">
      <UniqueIdentifier>{21fee644-d070-4b65-a831-56996e00b5fa}</UniqueIdentifier>
    </Filter>
    <Filter Include="Source Files\Game\Interactable\Door">
      <UniqueIdentifier>{ca7e578b-1273-480b-aedb-623759188216}</UniqueIdentifier>
    </Filter>
  </ItemGroup>
  <ItemGroup>
    <ClCompile Include="TheLibraryEscapes.cpp">
      <Filter>Source Files</Filter>
    </ClCompile>
    <ClCompile Include="Player.cpp">
      <Filter>Source Files\Player</Filter>
    </ClCompile>
    <ClCompile Include="PlayerMovement.cpp">
      <Filter>Source Files\Player</Filter>
    </ClCompile>
    <ClCompile Include="PlayerUpdate.cpp">
      <Filter>Source Files\Player</Filter>
    </ClCompile>
    <ClCompile Include="PlayerSprite.cpp">
      <Filter>Source Files\Player</Filter>
    </ClCompile>
    <ClCompile Include="Map.cpp">
      <Filter>Source Files\Map</Filter>
    </ClCompile>
    <ClCompile Include="Engine.cpp">
      <Filter>Source Files\Engine</Filter>
    </ClCompile>
    <ClCompile Include="EngineDraw.cpp">
      <Filter>Source Files\Engine</Filter>
    </ClCompile>
    <ClCompile Include="EngineInput.cpp">
      <Filter>Source Files\Engine</Filter>
    </ClCompile>
    <ClCompile Include="EngineUpdate.cpp">
      <Filter>Source Files\Engine</Filter>
    </ClCompile>
    <ClCompile Include="GameEngineDraw.cpp">
      <Filter>Source Files\Game</Filter>
    </ClCompile>
    <ClCompile Include="GameEngineInput.cpp">
      <Filter>Source Files\Game</Filter>
    </ClCompile>
    <ClCompile Include="GameEngineUpdate.cpp">
      <Filter>Source Files\Game</Filter>
    </ClCompile>
    <ClCompile Include="GameEngineDetectCollisions.cpp">
      <Filter>Source Files\Player</Filter>
    </ClCompile>
    <ClCompile Include="TextureHolder.cpp">
      <Filter>Source Files\Misc</Filter>
    </ClCompile>
    <ClCompile Include="GameEngineMapLogic.cpp">
      <Filter>Source Files\Map</Filter>
    </ClCompile>
    <ClCompile Include="Button.cpp">
      <Filter>Source Files\Misc\Screen</Filter>
    </ClCompile>
    <ClCompile Include="StartMenuEngine.cpp">
      <Filter>Source Files\StartMenu</Filter>
    </ClCompile>
    <ClCompile Include="StartMenuEngineDraw.cpp">
      <Filter>Source Files\StartMenu</Filter>
    </ClCompile>
    <ClCompile Include="StartMenuEngineInput.cpp">
      <Filter>Source Files\StartMenu</Filter>
    </ClCompile>
    <ClCompile Include="TiledMapLoader.cpp">
      <Filter>Source Files\Map</Filter>
    </ClCompile>
    <ClCompile Include="GameEngineLogicUpdate.cpp">
      <Filter>Source Files\Game\Logic</Filter>
    </ClCompile>
    <ClCompile Include="GameEngineLogicDraw.cpp">
      <Filter>Source Files\Game\Logic</Filter>
    </ClCompile>
    <ClCompile Include="GameEngineLogicInput.cpp">
      <Filter>Source Files\Game\Logic</Filter>
    </ClCompile>
    <ClCompile Include="GameEngineLogic.cpp">
      <Filter>Source Files\Game\Logic</Filter>
    </ClCompile>
    <ClCompile Include="GamePauseMenu.cpp">
      <Filter>Source Files\Game\PauseMenu</Filter>
    </ClCompile>
    <ClCompile Include="GamePauseMenuDraw.cpp">
      <Filter>Source Files\Game\PauseMenu</Filter>
    </ClCompile>
    <ClCompile Include="StartMenuEngineUpdate.cpp">
      <Filter>Source Files\StartMenu</Filter>
    </ClCompile>
    <ClCompile Include="GamePauseMenuUpdate.cpp">
      <Filter>Source Files\Game\PauseMenu</Filter>
    </ClCompile>
    <ClCompile Include="GamePauseMenuInput.cpp">
      <Filter>Source Files\Game\PauseMenu</Filter>
    </ClCompile>
    <ClCompile Include="PlayerTexture.cpp">
      <Filter>Source Files\Player</Filter>
    </ClCompile>
    <ClCompile Include="PlayerCustomization.cpp">
      <Filter>Source Files\Player\PlayerCustomization</Filter>
    </ClCompile>
    <ClCompile Include="PlayerCustomizationDraw.cpp">
      <Filter>Source Files\Player\PlayerCustomization</Filter>
    </ClCompile>
    <ClCompile Include="PlayerCustomizationInput.cpp">
      <Filter>Source Files\Player\PlayerCustomization</Filter>
    </ClCompile>
    <ClCompile Include="PlayerCustomizationUpdate.cpp">
      <Filter>Source Files\Player\PlayerCustomization</Filter>
    </ClCompile>
    <ClCompile Include="GameEngine.cpp">
      <Filter>Source Files\Game</Filter>
    </ClCompile>
    <ClCompile Include="Interactable.cpp">
      <Filter>Source Files\Game\Interactable</Filter>
    </ClCompile>
    <ClCompile Include="BookInteractable.cpp">
      <Filter>Source Files\Game\Interactable\Book</Filter>
    </ClCompile>
    <ClCompile Include="SimpleBookInteractable.cpp">
      <Filter>Source Files\Game\Interactable\Book</Filter>
    </ClCompile>
    <ClCompile Include="DoorInteractableTemplate.cpp">
      <Filter>Source Files\Game\Interactable\Door</Filter>
    </ClCompile>
    <ClCompile Include="DoorInteractable.cpp">
      <Filter>Source Files\Game\Interactable\Door</Filter>
    </ClCompile>
  </ItemGroup>
  <ItemGroup>
    <ClInclude Include="Engine.h">
      <Filter>Header Files\Engine</Filter>
    </ClInclude>
    <ClInclude Include="GameEngine.h">
      <Filter>Header Files\Game</Filter>
    </ClInclude>
    <ClInclude Include="Map.h">
      <Filter>Header Files\Map</Filter>
    </ClInclude>
    <ClInclude Include="TextureHolder.h">
      <Filter>Header Files\Misc</Filter>
    </ClInclude>
    <ClInclude Include="Button.h">
      <Filter>Header Files\Misc\Screen</Filter>
    </ClInclude>
    <ClInclude Include="StartMenuEngine.h">
      <Filter>Header Files\StartMenu</Filter>
    </ClInclude>
    <ClInclude Include="Player.h">
      <Filter>Header Files\Player</Filter>
    </ClInclude>
    <ClInclude Include="PlayerMovement.h">
      <Filter>Header Files\Player</Filter>
    </ClInclude>
    <ClInclude Include="TiledMapLoader.h">
      <Filter>Header Files\Map</Filter>
    </ClInclude>
    <ClInclude Include="GameEngineLogic.h">
      <Filter>Header Files\Game</Filter>
    </ClInclude>
    <ClInclude Include="GamePauseMenu.h">
      <Filter>Header Files\Game</Filter>
    </ClInclude>
    <ClInclude Include="PlayerTexture.h">
      <Filter>Header Files\Player</Filter>
    </ClInclude>
    <ClInclude Include="PlayerCustomization.h">
      <Filter>Header Files\Player\PlayerCustomization</Filter>
    </ClInclude>
    <ClInclude Include="Interactable.h">
      <Filter>Header Files\Game\Interactable</Filter>
    </ClInclude>
    <ClInclude Include="BookInteractable.h">
      <Filter>Header Files\Game\Interactable\Book</Filter>
    </ClInclude>
    <ClInclude Include="SimpleBookInteractable.h">
      <Filter>Header Files\Game\Interactable\Book</Filter>
    </ClInclude>
    <ClInclude Include="DoorInteractable.h">
      <Filter>Header Files\Game\Interactable\Door</Filter>
    </ClInclude>
    <ClInclude Include="DoorInteractableTemplate.h">
      <Filter>Header Files\Game\Interactable\Door</Filter>
    </ClInclude>
    <ClInclude Include="Constants.h">
      <Filter>Header Files\Misc</Filter>
    </ClInclude>
  </ItemGroup>
</Project>